PODS:
  - JoyConSwift (0.2.0)

DEPENDENCIES:
  - JoyConSwift (from `../JoyConSwift/`)

EXTERNAL SOURCES:
  JoyConSwift:
    :path: "../JoyConSwift/"

SPEC CHECKSUMS:
  JoyConSwift: 2b99a6fad0e843a4babe0b08f5df706237e86689

PODFILE CHECKSUM: faaeb2269dc0023e4ddd303d3ddc615af87acbb5

COCOAPODS: 1.9.3
